
Microsoft Visual Studio Solution File, Format Version 12.00
# Visual Studio 2012
Project("{FAE04EC0-301F-11D3-BF4B-00C04F79EFBC}") = "ExchangeTasks", "ExchangeTasks\ExchangeTasks.csproj", "{C3360FBE-93EA-422F-983E-D3D98C07CB5C}"
EndProject
Project("{FAE04EC0-301F-11D3-BF4B-00C04F79EFBC}") = "TaskData", "TaskData\TaskData.csproj", "{BFF4A1B2-F70E-45AE-9FC9-4B072CC61844}"
EndProject
Project("{FAE04EC0-301F-11D3-BF4B-00C04F79EFBC}") = "Authentication", "C#\Authentication\Authentication.csproj", "{9E50BA8E-305C-4C20-81E6-19FFD3D0BE5B}"
EndProject
Project("{FAE04EC0-301F-11D3-BF4B-00C04F79EFBC}") = "TaskInterfaceAbstraction", "C#\Ex15_FindTaskBySubject_CS\TaskInterfaceAbstraction.csproj", "{B4B0C650-87CF-4E11-9F10-B6718826CE18}"
EndProject
Project("{FAE04EC0-301F-11D3-BF4B-00C04F79EFBC}") = "MasterCategoryList", "MasterCategortList\MasterCategoryList.csproj", "{BEBB8622-6CB4-4676-A42B-0997617BC1C1}"
EndProject
Global
	GlobalSection(SolutionConfigurationPlatforms) = preSolution
		Debug|Any CPU = Debug|Any CPU
		Debug|Mixed Platforms = Debug|Mixed Platforms
		Debug|x86 = Debug|x86
		Release|Any CPU = Release|Any CPU
		Release|Mixed Platforms = Release|Mixed Platforms
		Release|x86 = Release|x86
	EndGlobalSection
	GlobalSection(ProjectConfigurationPlatforms) = postSolution
		{C3360FBE-93EA-422F-983E-D3D98C07CB5C}.Debug|Any CPU.ActiveCfg = Debug|x86
		{C3360FBE-93EA-422F-983E-D3D98C07CB5C}.Debug|Mixed Platforms.ActiveCfg = Debug|x86
		{C3360FBE-93EA-422F-983E-D3D98C07CB5C}.Debug|Mixed Platforms.Build.0 = Debug|x86
		{C3360FBE-93EA-422F-983E-D3D98C07CB5C}.Debug|x86.ActiveCfg = Debug|x86
		{C3360FBE-93EA-422F-983E-D3D98C07CB5C}.Debug|x86.Build.0 = Debug|x86
		{C3360FBE-93EA-422F-983E-D3D98C07CB5C}.Release|Any CPU.ActiveCfg = Release|x86
		{C3360FBE-93EA-422F-983E-D3D98C07CB5C}.Release|Mixed Platforms.ActiveCfg = Release|x86
		{C3360FBE-93EA-422F-983E-D3D98C07CB5C}.Release|Mixed Platforms.Build.0 = Release|x86
		{C3360FBE-93EA-422F-983E-D3D98C07CB5C}.Release|x86.ActiveCfg = Release|x86
		{C3360FBE-93EA-422F-983E-D3D98C07CB5C}.Release|x86.Build.0 = Release|x86
		{BFF4A1B2-F70E-45AE-9FC9-4B072CC61844}.Debug|Any CPU.ActiveCfg = Debug|Any CPU
		{BFF4A1B2-F70E-45AE-9FC9-4B072CC61844}.Debug|Any CPU.Build.0 = Debug|Any CPU
		{BFF4A1B2-F70E-45AE-9FC9-4B072CC61844}.Debug|Mixed Platforms.ActiveCfg = Debug|Any CPU
		{BFF4A1B2-F70E-45AE-9FC9-4B072CC61844}.Debug|Mixed Platforms.Build.0 = Debug|Any CPU
		{BFF4A1B2-F70E-45AE-9FC9-4B072CC61844}.Debug|x86.ActiveCfg = Debug|Any CPU
		{BFF4A1B2-F70E-45AE-9FC9-4B072CC61844}.Debug|x86.Build.0 = Debug|Any CPU
		{BFF4A1B2-F70E-45AE-9FC9-4B072CC61844}.Release|Any CPU.ActiveCfg = Release|Any CPU
		{BFF4A1B2-F70E-45AE-9FC9-4B072CC61844}.Release|Any CPU.Build.0 = Release|Any CPU
		{BFF4A1B2-F70E-45AE-9FC9-4B072CC61844}.Release|Mixed Platforms.ActiveCfg = Release|Any CPU
		{BFF4A1B2-F70E-45AE-9FC9-4B072CC61844}.Release|Mixed Platforms.Build.0 = Release|Any CPU
		{BFF4A1B2-F70E-45AE-9FC9-4B072CC61844}.Release|x86.ActiveCfg = Release|Any CPU
		{9E50BA8E-305C-4C20-81E6-19FFD3D0BE5B}.Debug|Any CPU.ActiveCfg = Debug|Any CPU
		{9E50BA8E-305C-4C20-81E6-19FFD3D0BE5B}.Debug|Any CPU.Build.0 = Debug|Any CPU
		{9E50BA8E-305C-4C20-81E6-19FFD3D0BE5B}.Debug|Mixed Platforms.ActiveCfg = Debug|Any CPU
		{9E50BA8E-305C-4C20-81E6-19FFD3D0BE5B}.Debug|Mixed Platforms.Build.0 = Debug|Any CPU
		{9E50BA8E-305C-4C20-81E6-19FFD3D0BE5B}.Debug|x86.ActiveCfg = Debug|Any CPU
		{9E50BA8E-305C-4C20-81E6-19FFD3D0BE5B}.Debug|x86.Build.0 = Debug|Any CPU
		{9E50BA8E-305C-4C20-81E6-19FFD3D0BE5B}.Release|Any CPU.ActiveCfg = Release|Any CPU
		{9E50BA8E-305C-4C20-81E6-19FFD3D0BE5B}.Release|Any CPU.Build.0 = Release|Any CPU
		{9E50BA8E-305C-4C20-81E6-19FFD3D0BE5B}.Release|Mixed Platforms.ActiveCfg = Release|Any CPU
		{9E50BA8E-305C-4C20-81E6-19FFD3D0BE5B}.Release|Mixed Platforms.Build.0 = Release|Any CPU
		{9E50BA8E-305C-4C20-81E6-19FFD3D0BE5B}.Release|x86.ActiveCfg = Release|Any CPU
		{B4B0C650-87CF-4E11-9F10-B6718826CE18}.Debug|Any CPU.ActiveCfg = Debug|x86
		{B4B0C650-87CF-4E11-9F10-B6718826CE18}.Debug|Mixed Platforms.ActiveCfg = Debug|x86
		{B4B0C650-87CF-4E11-9F10-B6718826CE18}.Debug|Mixed Platforms.Build.0 = Debug|x86
		{B4B0C650-87CF-4E11-9F10-B6718826CE18}.Debug|x86.ActiveCfg = Debug|x86
		{B4B0C650-87CF-4E11-9F10-B6718826CE18}.Debug|x86.Build.0 = Debug|x86
		{B4B0C650-87CF-4E11-9F10-B6718826CE18}.Release|Any CPU.ActiveCfg = Release|x86
		{B4B0C650-87CF-4E11-9F10-B6718826CE18}.Release|Mixed Platforms.ActiveCfg = Release|x86
		{B4B0C650-87CF-4E11-9F10-B6718826CE18}.Release|Mixed Platforms.Build.0 = Release|x86
		{B4B0C650-87CF-4E11-9F10-B6718826CE18}.Release|x86.ActiveCfg = Release|x86
		{B4B0C650-87CF-4E11-9F10-B6718826CE18}.Release|x86.Build.0 = Release|x86
		{BEBB8622-6CB4-4676-A42B-0997617BC1C1}.Debug|Any CPU.ActiveCfg = Debug|x86
		{BEBB8622-6CB4-4676-A42B-0997617BC1C1}.Debug|Mixed Platforms.ActiveCfg = Debug|x86
		{BEBB8622-6CB4-4676-A42B-0997617BC1C1}.Debug|Mixed Platforms.Build.0 = Debug|x86
		{BEBB8622-6CB4-4676-A42B-0997617BC1C1}.Debug|x86.ActiveCfg = Debug|x86
		{BEBB8622-6CB4-4676-A42B-0997617BC1C1}.Debug|x86.Build.0 = Debug|x86
		{BEBB8622-6CB4-4676-A42B-0997617BC1C1}.Release|Any CPU.ActiveCfg = Release|x86
		{BEBB8622-6CB4-4676-A42B-0997617BC1C1}.Release|Mixed Platforms.ActiveCfg = Release|x86
		{BEBB8622-6CB4-4676-A42B-0997617BC1C1}.Release|Mixed Platforms.Build.0 = Release|x86
		{BEBB8622-6CB4-4676-A42B-0997617BC1C1}.Release|x86.ActiveCfg = Release|x86
		{BEBB8622-6CB4-4676-A42B-0997617BC1C1}.Release|x86.Build.0 = Release|x86
	EndGlobalSection
	GlobalSection(SolutionProperties) = preSolution
		HideSolutionNode = FALSE
	EndGlobalSection
	GlobalSection(Performance) = preSolution
		HasPerformanceSessions = true
	EndGlobalSection
EndGlobal
